PODS:
  - Firebase/Auth (6.0.0):
    - Firebase/CoreOnly
    - FirebaseAuth (~> 6.0.0)
  - Firebase/CoreOnly (6.0.0):
    - FirebaseCore (= 6.0.0)
  - FirebaseAuth (6.0.0):
    - FirebaseAuthInterop (~> 1.0)
    - FirebaseCore (~> 6.0)
    - GoogleUtilities/AppDelegateSwizzler (~> 6.0)
    - GoogleUtilities/Environment (~> 6.0)
    - GTMSessionFetcher/Core (~> 1.1)
  - FirebaseAuthInterop (1.0.0)
  - FirebaseCore (6.0.0):
    - GoogleUtilities/Environment (~> 6.0)
    - GoogleUtilities/Logger (~> 6.0)
  - FirebaseUI/Auth (7.0.0):
    - Firebase/Auth (~> 6.0)
    - GoogleUtilities/UserDefaults
  - GoogleUtilities/AppDelegateSwizzler (6.0.0):
    - GoogleUtilities/Environment
    - GoogleUtilities/Logger
    - GoogleUtilities/Network
  - GoogleUtilities/Environment (6.0.0)
  - GoogleUtilities/Logger (6.0.0):
    - GoogleUtilities/Environment
  - GoogleUtilities/Network (6.0.0):
    - GoogleUtilities/Logger
    - "GoogleUtilities/NSData+zlib"
    - GoogleUtilities/Reachability
  - "GoogleUtilities/NSData+zlib (6.0.0)"
  - GoogleUtilities/Reachability (6.0.0):
    - GoogleUtilities/Logger
  - GoogleUtilities/UserDefaults (6.0.0):
    - GoogleUtilities/Logger
  - GTMSessionFetcher/Core (1.2.1)
  - OCMock (3.4.3)

DEPENDENCIES:
  - FirebaseUI/Auth (from `../`)
  - OCMock

SPEC REPOS:
  https://github.com/cocoapods/specs.git:
    - Firebase
    - FirebaseAuth
    - FirebaseAuthInterop
    - FirebaseCore
    - GoogleUtilities
    - GTMSessionFetcher
    - OCMock

EXTERNAL SOURCES:
  FirebaseUI:
    :path: "../"

SPEC CHECKSUMS:
  Firebase: fa80b9d987ca014a1ba9357496ef2a0178b28b12
  FirebaseAuth: efc72b0f6fe075d2a6de8d81a6d9de83ef2b47eb
  FirebaseAuthInterop: 0ffa57668be100582bb7643d4fcb7615496c41fc
  FirebaseCore: e38f025287b413255a53acc1945d048a112047f7
  FirebaseUI: 8f3c094f983108377d15b9602996c6fc71359083
  GoogleUtilities: f1faafc033ea203adf1783ce00af455bb99d0e5b
  GTMSessionFetcher: 32aeca0aa144acea523e1c8e053089dec2cb98ca
  OCMock: 43565190abc78977ad44a61c0d20d7f0784d35ab

PODFILE CHECKSUM: ccc9aef49354c1762d5e773c9a26513b2b724d60

COCOAPODS: 1.6.1
